// !$*UTF8*$!
{
	archiveVersion = 1;
	classes = {
	};
	objectVersion = 46;
	objects = {

/* Begin PBXBuildFile section */
		1ED6DDA31CFCF7B700FF20DF /* main.cpp in Sources */ = {isa = PBXBuildFile; fileRef = 1ED6DDA21CFCF7B700FF20DF /* main.cpp */; };
/* End PBXBuildFile section */

/* Begin PBXCopyFilesBuildPhase section */
		1ED6DD9D1CFCF7B700FF20DF /* CopyFiles */ = {
			isa = PBXCopyFilesBuildPhase;
			buildActionMask = 2147483647;
			dstPath = /usr/share/man/man1/;
			dstSubfolderSpec = 0;
			files = (
			);
			runOnlyForDeploymentPostprocessing = 1;
		};
/* End PBXCopyFilesBuildPhase section */

/* Begin PBXFileReference section */
		1ED6DD9F1CFCF7B700FF20DF /* template_graph */ = {isa = PBXFileReference; explicitFileType = "compiled.mach-o.executable"; includeInIndex = 0; path = template_graph; sourceTree = BUILT_PRODUCTS_DIR; };
		1ED6DDA21CFCF7B700FF20DF /* main.cpp */ = {isa = PBXFileReference; lastKnownFileType = sourcecode.cpp.cpp; path = main.cpp; sourceTree = "<group>"; };
		1ED6DDA91CFCF88400FF20DF /* graph.h */ = {isa = PBXFileReference; fileEncoding = 4; lastKnownFileType = sourcecode.c.h; path = graph.h; sourceTree = "<group>"; };
/* End PBXFileReference section */

/* Begin PBXFrameworksBuildPhase section */
		1ED6DD9C1CFCF7B700FF20DF /* Frameworks */ = {
			isa = PBXFrameworksBuildPhase;
			buildActionMask = 2147483647;
			files = (
			);
			runOnlyForDeploymentPostprocessing = 0;
		};
/* End PBXFrameworksBuildPhase section */

/* Begin PBXGroup section */
		1ED6DD961CFCF7B700FF20DF = {
			isa = PBXGroup;
			children = (
				1ED6DDA11CFCF7B700FF20DF /* template_graph */,
				1ED6DDA01CFCF7B700FF20DF /* Products */,
			);
			sourceTree = "<group>";
		};
		1ED6DDA01CFCF7B700FF20DF /* Products */ = {
			isa = PBXGroup;
			children = (
				1ED6DD9F1CFCF7B700FF20DF /* template_graph */,
			);
			name = Products;
			sourceTree = "<group>";
		};
		1ED6DDA11CFCF7B700FF20DF /* template_graph */ = {
			isa = PBXGroup;
			children = (
				1ED6DDA21CFCF7B700FF20DF /* main.cpp */,
				1ED6DDA91CFCF88400FF20DF /* graph.h */,
			);
			path = template_graph;
			sourceTree = "<group>";
		};
/* End PBXGroup section */

/* Begin PBXNativeTarget section */
		1ED6DD9E1CFCF7B700FF20DF /* template_graph */ = {
			isa = PBXNativeTarget;
			buildConfigurationList = 1ED6DDA61CFCF7B700FF20DF /* Build configuration list for PBXNativeTarget "template_graph" */;
			buildPhases = (
				1ED6DD9B1CFCF7B700FF20DF /* Sources */,
				1ED6DD9C1CFCF7B700FF20DF /* Frameworks */,
				1ED6DD9D1CFCF7B700FF20DF /* CopyFiles */,
			);
			buildRules = (
			);
			dependencies = (
			);
			name = template_graph;
			productName = template_graph;
			productReference = 1ED6DD9F1CFCF7B700FF20DF /* template_graph */;
			productType = "com.apple.product-type.tool";
		};
/* End PBXNativeTarget section */

/* Begin PBXProject section */
		1ED6DD971CFCF7B700FF20DF /* Project object */ = {
			isa = PBXProject;
			attributes = {
				LastUpgradeCheck = 0730;
				ORGANIZATIONNAME = "Nicholas Rogers";
				TargetAttributes = {
					1ED6DD9E1CFCF7B700FF20DF = {
						CreatedOnToolsVersion = 7.3.1;
					};
				};
			};
			buildConfigurationList = 1ED6DD9A1CFCF7B700FF20DF /* Build configuration list for PBXProject "template_graph" */;
			compatibilityVersion = "Xcode 3.2";
			developmentRegion = English;
			hasScannedForEncodings = 0;
			knownRegions = (
				en,
			);
			mainGroup = 1ED6DD961CFCF7B700FF20DF;
			productRefGroup = 1ED6DDA01CFCF7B700FF20DF /* Products */;
			projectDirPath = "";
			projectRoot = "";
			targets = (
				1ED6DD9E1CFCF7B700FF20DF /* template_graph */,
			);
		};
/* End PBXProject section */

/* Begin PBXSourcesBuildPhase section */
		1ED6DD9B1CFCF7B700FF20DF /* Sources */ = {
			isa = PBXSourcesBuildPhase;
			buildActionMask = 2147483647;
			files = (
				1ED6DDA31CFCF7B700FF20DF /* main.cpp in Sources */,
			);
			runOnlyForDeploymentPostprocessing = 0;
		};
/* End PBXSourcesBuildPhase section */

/* Begin XCBuildConfiguration section */
		1ED6DDA41CFCF7B700FF20DF /* Debug */ = {
			isa = XCBuildConfiguration;
			buildSettings = {
				ALWAYS_SEARCH_USER_PATHS = NO;
				CLANG_ANALYZER_NONNULL = YES;
				CLANG_CXX_LANGUAGE_STANDARD = "gnu++0x";
				CLANG_CXX_LIBRARY = "libc++";
				CLANG_ENABLE_MODULES = YES;
				CLANG_ENABLE_OBJC_ARC = YES;
				CLANG_WARN_BOOL_CONVERSION = YES;
				CLANG_WARN_CONSTANT_CONVERSION = YES;
				CLANG_WARN_DIRECT_OBJC_ISA_USAGE = YES_ERROR;
				CLANG_WARN_EMPTY_BODY = YES;
				CLANG_WARN_ENUM_CONVERSION = YES;
				CLANG_WARN_INT_CONVERSION = YES;
				CLANG_WARN_OBJC_ROOT_CLASS = YES_ERROR;
				CLANG_WARN_UNREACHABLE_CODE = YES;
				CLANG_WARN__DUPLICATE_METHOD_MATCH = YES;
				CODE_SIGN_IDENTITY = "-";
				COPY_PHASE_STRIP = NO;
				DEBUG_INFORMATION_FORMAT = dwarf;
				ENABLE_STRICT_OBJC_MSGSEND = YES;
				ENABLE_TESTABILITY = YES;
				GCC_C_LANGUAGE_STANDARD = gnu99;
				GCC_DYNAMIC_NO_PIC = NO;
				GCC_NO_COMMON_BLOCKS = YES;
				GCC_OPTIMIZATION_LEVEL = 0;
				GCC_PREPROCESSOR_DEFINITIONS = (
					"DEBUG=1",
					"$(inherited)",
				);
				GCC_WARN_64_TO_32_BIT_CONVERSION = YES;
				GCC_WARN_ABOUT_RETURN_TYPE = YES_ERROR;
				GCC_WARN_UNDECLARED_SELECTOR = YES;
				GCC_WARN_UNINITIALIZED_AUTOS = YES_AGGRESSIVE;
				GCC_WARN_UNUSED_FUNCTION = YES;
				GCC_WARN_UNUSED_VARIABLE = YES;
				MACOSX_DEPLOYMENT_TARGET = 10.11;
				MTL_ENABLE_DEBUG_INFO = YES;
				ONLY_ACTIVE_ARCH = YES;
				SDKROOT = macosx;
			};
			name = Debug;
		};
		1ED6DDA51CFCF7B700FF20DF /* Release */ = {
			isa = XCBuildConfiguration;
			buildSettings = {
				ALWAYS_SEARCH_USER_PATHS = NO;
				CLANG_ANALYZER_NONNULL = YES;
				CLANG_CXX_LANGUAGE_STANDARD = "gnu++0x";
				CLANG_CXX_LIBRARY = "libc++";
				CLANG_ENABLE_MODULES = YES;
				CLANG_ENABLE_OBJC_ARC = YES;
				CLANG_WARN_BOOL_CONVERSION = YES;
				CLANG_WARN_CONSTANT_CONVERSION = YES;
				CLANG_WARN_DIRECT_OBJC_ISA_USAGE = YES_ERROR;
				CLANG_WARN_EMPTY_BODY = YES;
				CLANG_WARN_ENUM_CONVERSION = YES;
				CLANG_WARN_INT_CONVERSION = YES;
				CLANG_WARN_OBJC_ROOT_CLASS = YES_ERROR;
				CLANG_WARN_UNREACHABLE_CODE = YES;
				CLANG_WARN__DUPLICATE_METHOD_MATCH = YES;
				CODE_SIGN_IDENTITY = "-";
				COPY_PHASE_STRIP = NO;
				DEBUG_INFORMATION_FORMAT = "dwarf-with-dsym";
				ENABLE_NS_ASSERTIONS = NO;
				ENABLE_STRICT_OBJC_MSGSEND = YES;
				GCC_C_LANGUAGE_STANDARD = gnu99;
				GCC_NO_COMMON_BLOCKS = YES;
				GCC_WARN_64_TO_32_BIT_CONVERSION = YES;
				GCC_WARN_ABOUT_RETURN_TYPE = YES_ERROR;
				GCC_WARN_UNDECLARED_SELECTOR = YES;
				GCC_WARN_UNINITIALIZED_AUTOS = YES_AGGRESSIVE;
				GCC_WARN_UNUSED_FUNCTION = YES;
				GCC_WARN_UNUSED_VARIABLE = YES;
				MACOSX_DEPLOYMENT_TARGET = 10.11;
				MTL_ENABLE_DEBUG_INFO = NO;
				SDKROOT = macosx;
			};
			name = Release;
		};
		1ED6DDA71CFCF7B700FF20DF /* Debug */ = {
			isa = XCBuildConfiguration;
			buildSettings = {
				PRODUCT_NAME = "$(TARGET_NAME)";
			};
			name = Debug;
		};
		1ED6DDA81CFCF7B700FF20DF /* Release */ = {
			isa = XCBuildConfiguration;
			buildSettings = {
				PRODUCT_NAME = "$(TARGET_NAME)";
			};
			name = Release;
		};
/* End XCBuildConfiguration section */

/* Begin XCConfigurationList section */
		1ED6DD9A1CFCF7B700FF20DF /* Build configuration list for PBXProject "template_graph" */ = {
			isa = XCConfigurationList;
			buildConfigurations = (
				1ED6DDA41CFCF7B700FF20DF /* Debug */,
				1ED6DDA51CFCF7B700FF20DF /* Release */,
			);
			defaultConfigurationIsVisible = 0;
			defaultConfigurationName = Release;
		};
		1ED6DDA61CFCF7B700FF20DF /* Build configuration list for PBXNativeTarget "template_graph" */ = {
			isa = XCConfigurationList;
			buildConfigurations = (
				1ED6DDA71CFCF7B700FF20DF /* Debug */,
				1ED6DDA81CFCF7B700FF20DF /* Release */,
			);
			defaultConfigurationIsVisible = 0;
		};
/* End XCConfigurationList section */
	};
	rootObject = 1ED6DD971CFCF7B700FF20DF /* Project object */;
}
